
Microsoft Visual Studio Solution File, Format Version 12.00
# Visual Studio Version 16
VisualStudioVersion = 16.0.29001.49
MinimumVisualStudioVersion = 10.0.40219.1
Project("{FAE04EC0-301F-11D3-BF4B-00C04F79EFBC}") = "FramworkTools", "FramworkTools\FramworkTools.csproj", "{2CBE5AE3-A989-48ED-81BA-74D93E73C5F6}"
EndProject
Project("{9A19103F-16F7-4668-BE54-9A1E7A4F7556}") = "DotCoreTools", "DotCoreTools\DotCoreTools.csproj", "{3B07EDD7-3CDE-47F5-8784-F01A6CEDF29A}"
EndProject
Project("{FAE04EC0-301F-11D3-BF4B-00C04F79EFBC}") = "FramworkConsoleTest", "FramworkConsoleTest\FramworkConsoleTest.csproj", "{E6D4AEBC-079B-4EDD-8B25-2C78444B0B8B}"
EndProject
Global
	GlobalSection(SolutionConfigurationPlatforms) = preSolution
		Debug|Any CPU = Debug|Any CPU
		Release|Any CPU = Release|Any CPU
	EndGlobalSection
	GlobalSection(ProjectConfigurationPlatforms) = postSolution
		{2CBE5AE3-A989-48ED-81BA-74D93E73C5F6}.Debug|Any CPU.ActiveCfg = Debug|Any CPU
		{2CBE5AE3-A989-48ED-81BA-74D93E73C5F6}.Debug|Any CPU.Build.0 = Debug|Any CPU
		{2CBE5AE3-A989-48ED-81BA-74D93E73C5F6}.Release|Any CPU.ActiveCfg = Release|Any CPU
		{2CBE5AE3-A989-48ED-81BA-74D93E73C5F6}.Release|Any CPU.Build.0 = Release|Any CPU
		{3B07EDD7-3CDE-47F5-8784-F01A6CEDF29A}.Debug|Any CPU.ActiveCfg = Debug|Any CPU
		{3B07EDD7-3CDE-47F5-8784-F01A6CEDF29A}.Debug|Any CPU.Build.0 = Debug|Any CPU
		{3B07EDD7-3CDE-47F5-8784-F01A6CEDF29A}.Release|Any CPU.ActiveCfg = Release|Any CPU
		{3B07EDD7-3CDE-47F5-8784-F01A6CEDF29A}.Release|Any CPU.Build.0 = Release|Any CPU
		{E6D4AEBC-079B-4EDD-8B25-2C78444B0B8B}.Debug|Any CPU.ActiveCfg = Debug|Any CPU
		{E6D4AEBC-079B-4EDD-8B25-2C78444B0B8B}.Debug|Any CPU.Build.0 = Debug|Any CPU
		{E6D4AEBC-079B-4EDD-8B25-2C78444B0B8B}.Release|Any CPU.ActiveCfg = Release|Any CPU
		{E6D4AEBC-079B-4EDD-8B25-2C78444B0B8B}.Release|Any CPU.Build.0 = Release|Any CPU
	EndGlobalSection
	GlobalSection(SolutionProperties) = preSolution
		HideSolutionNode = FALSE
	EndGlobalSection
	GlobalSection(ExtensibilityGlobals) = postSolution
		SolutionGuid = {D357AD6B-82B3-41B9-A646-1090BA963EFF}
	EndGlobalSection
EndGlobal
